
Microsoft Visual Studio Solution File, Format Version 12.00
# Visual Studio Version 16
VisualStudioVersion = 16.0.30907.101
MinimumVisualStudioVersion = 10.0.40219.1
Project("{FAE04EC0-301F-11D3-BF4B-00C04F79EFBC}") = "LukaKompControlPanel", "LukaKompControlPanel\LukaKompControlPanel.csproj", "{7A0F4D70-4EA4-4BAE-9CE1-90F94C688EE2}"
EndProject
Global
	GlobalSection(SolutionConfigurationPlatforms) = preSolution
		Debug|Any CPU = Debug|Any CPU
		Release|Any CPU = Release|Any CPU
	EndGlobalSection
	GlobalSection(ProjectConfigurationPlatforms) = postSolution
		{7A0F4D70-4EA4-4BAE-9CE1-90F94C688EE2}.Debug|Any CPU.ActiveCfg = Debug|Any CPU
		{7A0F4D70-4EA4-4BAE-9CE1-90F94C688EE2}.Debug|Any CPU.Build.0 = Debug|Any CPU
		{7A0F4D70-4EA4-4BAE-9CE1-90F94C688EE2}.Release|Any CPU.ActiveCfg = Release|Any CPU
		{7A0F4D70-4EA4-4BAE-9CE1-90F94C688EE2}.Release|Any CPU.Build.0 = Release|Any CPU
	EndGlobalSection
	GlobalSection(SolutionProperties) = preSolution
		HideSolutionNode = FALSE
	EndGlobalSection
	GlobalSection(ExtensibilityGlobals) = postSolution
		SolutionGuid = {A36BE4F0-7C44-4CDC-B152-627946E5C887}
	EndGlobalSection
EndGlobal
